
Microsoft Visual Studio Solution File, Format Version 12.00
# Visual Studio Version 16
VisualStudioVersion = 16.0.30621.155
MinimumVisualStudioVersion = 10.0.40219.1
Project("{FAE04EC0-301F-11D3-BF4B-00C04F79EFBC}") = "WebAppCRUD", "WebAppCRUD\WebAppCRUD.csproj", "{9C989862-4389-48DC-9040-4F892E34FD19}"
EndProject
Global
	GlobalSection(SolutionConfigurationPlatforms) = preSolution
		Debug|Any CPU = Debug|Any CPU
		Release|Any CPU = Release|Any CPU
	EndGlobalSection
	GlobalSection(ProjectConfigurationPlatforms) = postSolution
		{9C989862-4389-48DC-9040-4F892E34FD19}.Debug|Any CPU.ActiveCfg = Debug|Any CPU
		{9C989862-4389-48DC-9040-4F892E34FD19}.Debug|Any CPU.Build.0 = Debug|Any CPU
		{9C989862-4389-48DC-9040-4F892E34FD19}.Release|Any CPU.ActiveCfg = Release|Any CPU
		{9C989862-4389-48DC-9040-4F892E34FD19}.Release|Any CPU.Build.0 = Release|Any CPU
	EndGlobalSection
	GlobalSection(SolutionProperties) = preSolution
		HideSolutionNode = FALSE
	EndGlobalSection
	GlobalSection(ExtensibilityGlobals) = postSolution
		SolutionGuid = {BDB82B63-0716-4A8D-8BE0-E62BB6904F57}
	EndGlobalSection
EndGlobal
